
Microsoft Visual Studio Solution File, Format Version 12.00
# Visual Studio 14
VisualStudioVersion = 14.0.25420.1
MinimumVisualStudioVersion = 10.0.40219.1
Project("{8BC9CEB8-8B4A-11D0-8D11-00A0C91BC942}") = "CommandlineArgs", "CommandlineArgs\CommandlineArgs.vcxproj", "{6C7AB1BE-27C2-40C0-8B2A-84FFC06B1705}"
EndProject
Project("{8BC9CEB8-8B4A-11D0-8D11-00A0C91BC942}") = "Conversion", "Conversion\Conversion.vcxproj", "{660E24D2-FC2C-4520-AC98-F64CBD690C26}"
EndProject
Project("{8BC9CEB8-8B4A-11D0-8D11-00A0C91BC942}") = "EnvironmentVar", "EnvironmentVar\EnvironmentVar.vcxproj", "{ABD981D1-1B60-4592-B91C-751991E6012F}"
EndProject
Project("{8BC9CEB8-8B4A-11D0-8D11-00A0C91BC942}") = "ReadingFile", "ReadingFile\ReadingFile.vcxproj", "{C25F239A-8459-425E-83D7-862BDF222878}"
EndProject
Project("{8BC9CEB8-8B4A-11D0-8D11-00A0C91BC942}") = "WriteIntoFile", "WriteIntoFile\WriteIntoFile.vcxproj", "{E5D95571-3947-46EC-800D-1F523F8A0A8F}"
EndProject
Project("{8BC9CEB8-8B4A-11D0-8D11-00A0C91BC942}") = "CreateEvent", "CreateEvent\CreateEvent.vcxproj", "{A209814B-28A3-45E5-82BD-5C795A8BC02C}"
EndProject
Project("{8BC9CEB8-8B4A-11D0-8D11-00A0C91BC942}") = "ReadEOF", "ReadEOF\ReadEOF.vcxproj", "{D67092D3-0FC9-4754-82A2-36B27F54E131}"
EndProject
Project("{8BC9CEB8-8B4A-11D0-8D11-00A0C91BC942}") = "CreateProcess", "CreateProcess\CreateProcess.vcxproj", "{0895B8A2-F344-4AEA-9DB1-44214CD1A608}"
EndProject
Project("{8BC9CEB8-8B4A-11D0-8D11-00A0C91BC942}") = "ThreadId", "ThreadId\ThreadId.vcxproj", "{E0562A78-B99F-4C42-BABE-7A5B3E5EA58C}"
EndProject
Project("{8BC9CEB8-8B4A-11D0-8D11-00A0C91BC942}") = "HandleInherit", "HandleInherit\HandleInherit.vcxproj", "{93388976-1566-42B4-911D-4834798B7957}"
EndProject
Project("{8BC9CEB8-8B4A-11D0-8D11-00A0C91BC942}") = "Interlock", "Interlock\Interlock.vcxproj", "{BAE4EF18-4FB1-4548-88D3-36B2220FD7EB}"
EndProject
Project("{8BC9CEB8-8B4A-11D0-8D11-00A0C91BC942}") = "TerminateThread", "TerminateThread\TerminateThread.vcxproj", "{C3EC7CA3-DB39-4EA5-8BC8-8CDE079548A7}"
EndProject
Project("{8BC9CEB8-8B4A-11D0-8D11-00A0C91BC942}") = "ExitThread", "ExitThread\ExitThread.vcxproj", "{81692427-896E-4E28-9F87-CAC32AA477A3}"
EndProject
Project("{8BC9CEB8-8B4A-11D0-8D11-00A0C91BC942}") = "ResumeThread", "ResumeThread\ResumeThread.vcxproj", "{CE128335-C2D0-42AF-96DB-0FEB298675A7}"
EndProject
Project("{8BC9CEB8-8B4A-11D0-8D11-00A0C91BC942}") = "InterlockFns", "InterlockFns\InterlockFns.vcxproj", "{1B7D3E4E-B791-407B-B257-386B8CE19EFB}"
EndProject
Project("{8BC9CEB8-8B4A-11D0-8D11-00A0C91BC942}") = "CS", "CriticalSection\CriticalSection.vcxproj", "{1611B584-3062-4294-A3D3-91A5FCBE52B7}"
EndProject
Project("{8BC9CEB8-8B4A-11D0-8D11-00A0C91BC942}") = "16Pgm_Priority", "16Pgm_Priority\16Pgm_Priority.vcxproj", "{0CB4D801-1A62-42C4-9159-122B4DF631AE}"
EndProject
Project("{8BC9CEB8-8B4A-11D0-8D11-00A0C91BC942}") = "pg20_SlimReaderWriter", "pg20_SlimReaderWriter\pg20_SlimReaderWriter.vcxproj", "{68E6F472-9AE9-46F9-BB5E-EDCD483320E8}"
EndProject
Project("{8BC9CEB8-8B4A-11D0-8D11-00A0C91BC942}") = "Demoexe", "Demoexe\Demoexe.vcxproj", "{EE9A97D1-F540-4882-8B41-EA6B89FF325E}"
EndProject
Project("{8BC9CEB8-8B4A-11D0-8D11-00A0C91BC942}") = "RunDLL", "RunDLL\RunDLL.vcxproj", "{FE67607A-3499-493F-AC91-23D842A9BFF2}"
EndProject
Project("{8BC9CEB8-8B4A-11D0-8D11-00A0C91BC942}") = "MyDll", "MyDll\MyDll.vcxproj", "{F277BC1B-9C6C-4E7E-98A8-136F8C01B692}"
EndProject
Project("{8BC9CEB8-8B4A-11D0-8D11-00A0C91BC942}") = "DLL", "DLL\DLL.vcxproj", "{FEBCDE77-86BE-4366-8216-F38DC5418F94}"
EndProject
Project("{8BC9CEB8-8B4A-11D0-8D11-00A0C91BC942}") = "StaticLink", "StaticLink\StaticLink.vcxproj", "{66CACE29-645E-4C2F-A4D2-9235AB7DF6C3}"
EndProject
Project("{8BC9CEB8-8B4A-11D0-8D11-00A0C91BC942}") = "StaticDemo", "StaticDemo\StaticDemo.vcxproj", "{A64F48E7-2AB4-4340-9433-FE60F21DD7CD}"
EndProject
Project("{8BC9CEB8-8B4A-11D0-8D11-00A0C91BC942}") = "Pg24_WaitSingle", "Pg24_WaitSingle\Pg24_WaitSingle.vcxproj", "{E2C97C3C-6FCB-41B2-8CD0-EFF89046F244}"
EndProject
Project("{8BC9CEB8-8B4A-11D0-8D11-00A0C91BC942}") = "Pg25_WaitMultiple", "Pg25_WaitMultiple\Pg25_WaitMultiple.vcxproj", "{64E4A72E-EE04-4638-B2B4-75BC360CAC3F}"
EndProject
Project("{8BC9CEB8-8B4A-11D0-8D11-00A0C91BC942}") = "Pg26_ResetEvent", "Pg26_ResetEvent\Pg26_ResetEvent.vcxproj", "{1A50B56C-B18A-4C8C-9C9A-25A25D7032AE}"
EndProject
Project("{8BC9CEB8-8B4A-11D0-8D11-00A0C91BC942}") = "Pg27_Event", "Pg27_Event\Pg27_Event.vcxproj", "{E5AA892A-3FA9-4C9E-A9F0-3C0CD4D72246}"
EndProject
Project("{8BC9CEB8-8B4A-11D0-8D11-00A0C91BC942}") = "Pg29_Semaphore", "Pg29_Semaphore\Pg29_Semaphore.vcxproj", "{7B3B9BB1-5F46-4361-9045-7A8FBA4DE06F}"
EndProject
Global
	GlobalSection(SolutionConfigurationPlatforms) = preSolution
		Debug|x64 = Debug|x64
		Debug|x86 = Debug|x86
		Release|x64 = Release|x64
		Release|x86 = Release|x86
	EndGlobalSection
	GlobalSection(ProjectConfigurationPlatforms) = postSolution
		{6C7AB1BE-27C2-40C0-8B2A-84FFC06B1705}.Debug|x64.ActiveCfg = Debug|x64
		{6C7AB1BE-27C2-40C0-8B2A-84FFC06B1705}.Debug|x64.Build.0 = Debug|x64
		{6C7AB1BE-27C2-40C0-8B2A-84FFC06B1705}.Debug|x86.ActiveCfg = Debug|Win32
		{6C7AB1BE-27C2-40C0-8B2A-84FFC06B1705}.Debug|x86.Build.0 = Debug|Win32
		{6C7AB1BE-27C2-40C0-8B2A-84FFC06B1705}.Release|x64.ActiveCfg = Release|x64
		{6C7AB1BE-27C2-40C0-8B2A-84FFC06B1705}.Release|x64.Build.0 = Release|x64
		{6C7AB1BE-27C2-40C0-8B2A-84FFC06B1705}.Release|x86.ActiveCfg = Release|Win32
		{6C7AB1BE-27C2-40C0-8B2A-84FFC06B1705}.Release|x86.Build.0 = Release|Win32
		{660E24D2-FC2C-4520-AC98-F64CBD690C26}.Debug|x64.ActiveCfg = Debug|x64
		{660E24D2-FC2C-4520-AC98-F64CBD690C26}.Debug|x64.Build.0 = Debug|x64
		{660E24D2-FC2C-4520-AC98-F64CBD690C26}.Debug|x86.ActiveCfg = Debug|Win32
		{660E24D2-FC2C-4520-AC98-F64CBD690C26}.Debug|x86.Build.0 = Debug|Win32
		{660E24D2-FC2C-4520-AC98-F64CBD690C26}.Release|x64.ActiveCfg = Release|x64
		{660E24D2-FC2C-4520-AC98-F64CBD690C26}.Release|x64.Build.0 = Release|x64
		{660E24D2-FC2C-4520-AC98-F64CBD690C26}.Release|x86.ActiveCfg = Release|Win32
		{660E24D2-FC2C-4520-AC98-F64CBD690C26}.Release|x86.Build.0 = Release|Win32
		{ABD981D1-1B60-4592-B91C-751991E6012F}.Debug|x64.ActiveCfg = Debug|x64
		{ABD981D1-1B60-4592-B91C-751991E6012F}.Debug|x64.Build.0 = Debug|x64
		{ABD981D1-1B60-4592-B91C-751991E6012F}.Debug|x86.ActiveCfg = Debug|Win32
		{ABD981D1-1B60-4592-B91C-751991E6012F}.Debug|x86.Build.0 = Debug|Win32
		{ABD981D1-1B60-4592-B91C-751991E6012F}.Release|x64.ActiveCfg = Release|x64
		{ABD981D1-1B60-4592-B91C-751991E6012F}.Release|x64.Build.0 = Release|x64
		{ABD981D1-1B60-4592-B91C-751991E6012F}.Release|x86.ActiveCfg = Release|Win32
		{ABD981D1-1B60-4592-B91C-751991E6012F}.Release|x86.Build.0 = Release|Win32
		{C25F239A-8459-425E-83D7-862BDF222878}.Debug|x64.ActiveCfg = Debug|x64
		{C25F239A-8459-425E-83D7-862BDF222878}.Debug|x64.Build.0 = Debug|x64
		{C25F239A-8459-425E-83D7-862BDF222878}.Debug|x86.ActiveCfg = Debug|Win32
		{C25F239A-8459-425E-83D7-862BDF222878}.Debug|x86.Build.0 = Debug|Win32
		{C25F239A-8459-425E-83D7-862BDF222878}.Release|x64.ActiveCfg = Release|x64
		{C25F239A-8459-425E-83D7-862BDF222878}.Release|x64.Build.0 = Release|x64
		{C25F239A-8459-425E-83D7-862BDF222878}.Release|x86.ActiveCfg = Release|Win32
		{C25F239A-8459-425E-83D7-862BDF222878}.Release|x86.Build.0 = Release|Win32
		{E5D95571-3947-46EC-800D-1F523F8A0A8F}.Debug|x64.ActiveCfg = Debug|x64
		{E5D95571-3947-46EC-800D-1F523F8A0A8F}.Debug|x64.Build.0 = Debug|x64
		{E5D95571-3947-46EC-800D-1F523F8A0A8F}.Debug|x86.ActiveCfg = Debug|Win32
		{E5D95571-3947-46EC-800D-1F523F8A0A8F}.Debug|x86.Build.0 = Debug|Win32
		{E5D95571-3947-46EC-800D-1F523F8A0A8F}.Release|x64.ActiveCfg = Release|x64
		{E5D95571-3947-46EC-800D-1F523F8A0A8F}.Release|x64.Build.0 = Release|x64
		{E5D95571-3947-46EC-800D-1F523F8A0A8F}.Release|x86.ActiveCfg = Release|Win32
		{E5D95571-3947-46EC-800D-1F523F8A0A8F}.Release|x86.Build.0 = Release|Win32
		{A209814B-28A3-45E5-82BD-5C795A8BC02C}.Debug|x64.ActiveCfg = Debug|x64
		{A209814B-28A3-45E5-82BD-5C795A8BC02C}.Debug|x64.Build.0 = Debug|x64
		{A209814B-28A3-45E5-82BD-5C795A8BC02C}.Debug|x86.ActiveCfg = Debug|Win32
		{A209814B-28A3-45E5-82BD-5C795A8BC02C}.Debug|x86.Build.0 = Debug|Win32
		{A209814B-28A3-45E5-82BD-5C795A8BC02C}.Release|x64.ActiveCfg = Release|x64
		{A209814B-28A3-45E5-82BD-5C795A8BC02C}.Release|x64.Build.0 = Release|x64
		{A209814B-28A3-45E5-82BD-5C795A8BC02C}.Release|x86.ActiveCfg = Release|Win32
		{A209814B-28A3-45E5-82BD-5C795A8BC02C}.Release|x86.Build.0 = Release|Win32
		{D67092D3-0FC9-4754-82A2-36B27F54E131}.Debug|x64.ActiveCfg = Debug|x64
		{D67092D3-0FC9-4754-82A2-36B27F54E131}.Debug|x64.Build.0 = Debug|x64
		{D67092D3-0FC9-4754-82A2-36B27F54E131}.Debug|x86.ActiveCfg = Debug|Win32
		{D67092D3-0FC9-4754-82A2-36B27F54E131}.Debug|x86.Build.0 = Debug|Win32
		{D67092D3-0FC9-4754-82A2-36B27F54E131}.Release|x64.ActiveCfg = Release|x64
		{D67092D3-0FC9-4754-82A2-36B27F54E131}.Release|x64.Build.0 = Release|x64
		{D67092D3-0FC9-4754-82A2-36B27F54E131}.Release|x86.ActiveCfg = Release|Win32
		{D67092D3-0FC9-4754-82A2-36B27F54E131}.Release|x86.Build.0 = Release|Win32
		{0895B8A2-F344-4AEA-9DB1-44214CD1A608}.Debug|x64.ActiveCfg = Debug|x64
		{0895B8A2-F344-4AEA-9DB1-44214CD1A608}.Debug|x64.Build.0 = Debug|x64
		{0895B8A2-F344-4AEA-9DB1-44214CD1A608}.Debug|x86.ActiveCfg = Debug|Win32
		{0895B8A2-F344-4AEA-9DB1-44214CD1A608}.Debug|x86.Build.0 = Debug|Win32
		{0895B8A2-F344-4AEA-9DB1-44214CD1A608}.Release|x64.ActiveCfg = Release|x64
		{0895B8A2-F344-4AEA-9DB1-44214CD1A608}.Release|x64.Build.0 = Release|x64
		{0895B8A2-F344-4AEA-9DB1-44214CD1A608}.Release|x86.ActiveCfg = Release|Win32
		{0895B8A2-F344-4AEA-9DB1-44214CD1A608}.Release|x86.Build.0 = Release|Win32
		{E0562A78-B99F-4C42-BABE-7A5B3E5EA58C}.Debug|x64.ActiveCfg = Debug|x64
		{E0562A78-B99F-4C42-BABE-7A5B3E5EA58C}.Debug|x64.Build.0 = Debug|x64
		{E0562A78-B99F-4C42-BABE-7A5B3E5EA58C}.Debug|x86.ActiveCfg = Debug|Win32
		{E0562A78-B99F-4C42-BABE-7A5B3E5EA58C}.Debug|x86.Build.0 = Debug|Win32
		{E0562A78-B99F-4C42-BABE-7A5B3E5EA58C}.Release|x64.ActiveCfg = Release|x64
		{E0562A78-B99F-4C42-BABE-7A5B3E5EA58C}.Release|x64.Build.0 = Release|x64
		{E0562A78-B99F-4C42-BABE-7A5B3E5EA58C}.Release|x86.ActiveCfg = Release|Win32
		{E0562A78-B99F-4C42-BABE-7A5B3E5EA58C}.Release|x86.Build.0 = Release|Win32
		{93388976-1566-42B4-911D-4834798B7957}.Debug|x64.ActiveCfg = Debug|x64
		{93388976-1566-42B4-911D-4834798B7957}.Debug|x64.Build.0 = Debug|x64
		{93388976-1566-42B4-911D-4834798B7957}.Debug|x86.ActiveCfg = Debug|Win32
		{93388976-1566-42B4-911D-4834798B7957}.Debug|x86.Build.0 = Debug|Win32
		{93388976-1566-42B4-911D-4834798B7957}.Release|x64.ActiveCfg = Release|x64
		{93388976-1566-42B4-911D-4834798B7957}.Release|x64.Build.0 = Release|x64
		{93388976-1566-42B4-911D-4834798B7957}.Release|x86.ActiveCfg = Release|Win32
		{93388976-1566-42B4-911D-4834798B7957}.Release|x86.Build.0 = Release|Win32
		{BAE4EF18-4FB1-4548-88D3-36B2220FD7EB}.Debug|x64.ActiveCfg = Debug|x64
		{BAE4EF18-4FB1-4548-88D3-36B2220FD7EB}.Debug|x64.Build.0 = Debug|x64
		{BAE4EF18-4FB1-4548-88D3-36B2220FD7EB}.Debug|x86.ActiveCfg = Debug|Win32
		{BAE4EF18-4FB1-4548-88D3-36B2220FD7EB}.Debug|x86.Build.0 = Debug|Win32
		{BAE4EF18-4FB1-4548-88D3-36B2220FD7EB}.Release|x64.ActiveCfg = Release|x64
		{BAE4EF18-4FB1-4548-88D3-36B2220FD7EB}.Release|x64.Build.0 = Release|x64
		{BAE4EF18-4FB1-4548-88D3-36B2220FD7EB}.Release|x86.ActiveCfg = Release|Win32
		{BAE4EF18-4FB1-4548-88D3-36B2220FD7EB}.Release|x86.Build.0 = Release|Win32
		{C3EC7CA3-DB39-4EA5-8BC8-8CDE079548A7}.Debug|x64.ActiveCfg = Debug|x64
		{C3EC7CA3-DB39-4EA5-8BC8-8CDE079548A7}.Debug|x64.Build.0 = Debug|x64
		{C3EC7CA3-DB39-4EA5-8BC8-8CDE079548A7}.Debug|x86.ActiveCfg = Debug|Win32
		{C3EC7CA3-DB39-4EA5-8BC8-8CDE079548A7}.Debug|x86.Build.0 = Debug|Win32
		{C3EC7CA3-DB39-4EA5-8BC8-8CDE079548A7}.Release|x64.ActiveCfg = Release|x64
		{C3EC7CA3-DB39-4EA5-8BC8-8CDE079548A7}.Release|x64.Build.0 = Release|x64
		{C3EC7CA3-DB39-4EA5-8BC8-8CDE079548A7}.Release|x86.ActiveCfg = Release|Win32
		{C3EC7CA3-DB39-4EA5-8BC8-8CDE079548A7}.Release|x86.Build.0 = Release|Win32
		{81692427-896E-4E28-9F87-CAC32AA477A3}.Debug|x64.ActiveCfg = Debug|x64
		{81692427-896E-4E28-9F87-CAC32AA477A3}.Debug|x64.Build.0 = Debug|x64
		{81692427-896E-4E28-9F87-CAC32AA477A3}.Debug|x86.ActiveCfg = Debug|Win32
		{81692427-896E-4E28-9F87-CAC32AA477A3}.Debug|x86.Build.0 = Debug|Win32
		{81692427-896E-4E28-9F87-CAC32AA477A3}.Release|x64.ActiveCfg = Release|x64
		{81692427-896E-4E28-9F87-CAC32AA477A3}.Release|x64.Build.0 = Release|x64
		{81692427-896E-4E28-9F87-CAC32AA477A3}.Release|x86.ActiveCfg = Release|Win32
		{81692427-896E-4E28-9F87-CAC32AA477A3}.Release|x86.Build.0 = Release|Win32
		{CE128335-C2D0-42AF-96DB-0FEB298675A7}.Debug|x64.ActiveCfg = Debug|x64
		{CE128335-C2D0-42AF-96DB-0FEB298675A7}.Debug|x64.Build.0 = Debug|x64
		{CE128335-C2D0-42AF-96DB-0FEB298675A7}.Debug|x86.ActiveCfg = Debug|Win32
		{CE128335-C2D0-42AF-96DB-0FEB298675A7}.Debug|x86.Build.0 = Debug|Win32
		{CE128335-C2D0-42AF-96DB-0FEB298675A7}.Release|x64.ActiveCfg = Release|x64
		{CE128335-C2D0-42AF-96DB-0FEB298675A7}.Release|x64.Build.0 = Release|x64
		{CE128335-C2D0-42AF-96DB-0FEB298675A7}.Release|x86.ActiveCfg = Release|Win32
		{CE128335-C2D0-42AF-96DB-0FEB298675A7}.Release|x86.Build.0 = Release|Win32
		{1B7D3E4E-B791-407B-B257-386B8CE19EFB}.Debug|x64.ActiveCfg = Debug|x64
		{1B7D3E4E-B791-407B-B257-386B8CE19EFB}.Debug|x64.Build.0 = Debug|x64
		{1B7D3E4E-B791-407B-B257-386B8CE19EFB}.Debug|x86.ActiveCfg = Debug|Win32
		{1B7D3E4E-B791-407B-B257-386B8CE19EFB}.Debug|x86.Build.0 = Debug|Win32
		{1B7D3E4E-B791-407B-B257-386B8CE19EFB}.Release|x64.ActiveCfg = Release|x64
		{1B7D3E4E-B791-407B-B257-386B8CE19EFB}.Release|x64.Build.0 = Release|x64
		{1B7D3E4E-B791-407B-B257-386B8CE19EFB}.Release|x86.ActiveCfg = Release|Win32
		{1B7D3E4E-B791-407B-B257-386B8CE19EFB}.Release|x86.Build.0 = Release|Win32
		{1611B584-3062-4294-A3D3-91A5FCBE52B7}.Debug|x64.ActiveCfg = Debug|x64
		{1611B584-3062-4294-A3D3-91A5FCBE52B7}.Debug|x64.Build.0 = Debug|x64
		{1611B584-3062-4294-A3D3-91A5FCBE52B7}.Debug|x86.ActiveCfg = Debug|Win32
		{1611B584-3062-4294-A3D3-91A5FCBE52B7}.Debug|x86.Build.0 = Debug|Win32
		{1611B584-3062-4294-A3D3-91A5FCBE52B7}.Release|x64.ActiveCfg = Release|x64
		{1611B584-3062-4294-A3D3-91A5FCBE52B7}.Release|x64.Build.0 = Release|x64
		{1611B584-3062-4294-A3D3-91A5FCBE52B7}.Release|x86.ActiveCfg = Release|Win32
		{1611B584-3062-4294-A3D3-91A5FCBE52B7}.Release|x86.Build.0 = Release|Win32
		{0CB4D801-1A62-42C4-9159-122B4DF631AE}.Debug|x64.ActiveCfg = Debug|x64
		{0CB4D801-1A62-42C4-9159-122B4DF631AE}.Debug|x64.Build.0 = Debug|x64
		{0CB4D801-1A62-42C4-9159-122B4DF631AE}.Debug|x86.ActiveCfg = Debug|Win32
		{0CB4D801-1A62-42C4-9159-122B4DF631AE}.Debug|x86.Build.0 = Debug|Win32
		{0CB4D801-1A62-42C4-9159-122B4DF631AE}.Release|x64.ActiveCfg = Release|x64
		{0CB4D801-1A62-42C4-9159-122B4DF631AE}.Release|x64.Build.0 = Release|x64
		{0CB4D801-1A62-42C4-9159-122B4DF631AE}.Release|x86.ActiveCfg = Release|Win32
		{0CB4D801-1A62-42C4-9159-122B4DF631AE}.Release|x86.Build.0 = Release|Win32
		{68E6F472-9AE9-46F9-BB5E-EDCD483320E8}.Debug|x64.ActiveCfg = Debug|x64
		{68E6F472-9AE9-46F9-BB5E-EDCD483320E8}.Debug|x64.Build.0 = Debug|x64
		{68E6F472-9AE9-46F9-BB5E-EDCD483320E8}.Debug|x86.ActiveCfg = Debug|Win32
		{68E6F472-9AE9-46F9-BB5E-EDCD483320E8}.Debug|x86.Build.0 = Debug|Win32
		{68E6F472-9AE9-46F9-BB5E-EDCD483320E8}.Release|x64.ActiveCfg = Release|x64
		{68E6F472-9AE9-46F9-BB5E-EDCD483320E8}.Release|x64.Build.0 = Release|x64
		{68E6F472-9AE9-46F9-BB5E-EDCD483320E8}.Release|x86.ActiveCfg = Release|Win32
		{68E6F472-9AE9-46F9-BB5E-EDCD483320E8}.Release|x86.Build.0 = Release|Win32
		{EE9A97D1-F540-4882-8B41-EA6B89FF325E}.Debug|x64.ActiveCfg = Debug|x64
		{EE9A97D1-F540-4882-8B41-EA6B89FF325E}.Debug|x64.Build.0 = Debug|x64
		{EE9A97D1-F540-4882-8B41-EA6B89FF325E}.Debug|x86.ActiveCfg = Debug|Win32
		{EE9A97D1-F540-4882-8B41-EA6B89FF325E}.Debug|x86.Build.0 = Debug|Win32
		{EE9A97D1-F540-4882-8B41-EA6B89FF325E}.Release|x64.ActiveCfg = Release|x64
		{EE9A97D1-F540-4882-8B41-EA6B89FF325E}.Release|x64.Build.0 = Release|x64
		{EE9A97D1-F540-4882-8B41-EA6B89FF325E}.Release|x86.ActiveCfg = Release|Win32
		{EE9A97D1-F540-4882-8B41-EA6B89FF325E}.Release|x86.Build.0 = Release|Win32
		{FE67607A-3499-493F-AC91-23D842A9BFF2}.Debug|x64.ActiveCfg = Debug|x64
		{FE67607A-3499-493F-AC91-23D842A9BFF2}.Debug|x64.Build.0 = Debug|x64
		{FE67607A-3499-493F-AC91-23D842A9BFF2}.Debug|x86.ActiveCfg = Debug|Win32
		{FE67607A-3499-493F-AC91-23D842A9BFF2}.Debug|x86.Build.0 = Debug|Win32
		{FE67607A-3499-493F-AC91-23D842A9BFF2}.Release|x64.ActiveCfg = Release|x64
		{FE67607A-3499-493F-AC91-23D842A9BFF2}.Release|x64.Build.0 = Release|x64
		{FE67607A-3499-493F-AC91-23D842A9BFF2}.Release|x86.ActiveCfg = Release|Win32
		{FE67607A-3499-493F-AC91-23D842A9BFF2}.Release|x86.Build.0 = Release|Win32
		{F277BC1B-9C6C-4E7E-98A8-136F8C01B692}.Debug|x64.ActiveCfg = Debug|x64
		{F277BC1B-9C6C-4E7E-98A8-136F8C01B692}.Debug|x64.Build.0 = Debug|x64
		{F277BC1B-9C6C-4E7E-98A8-136F8C01B692}.Debug|x86.ActiveCfg = Debug|Win32
		{F277BC1B-9C6C-4E7E-98A8-136F8C01B692}.Debug|x86.Build.0 = Debug|Win32
		{F277BC1B-9C6C-4E7E-98A8-136F8C01B692}.Release|x64.ActiveCfg = Release|x64
		{F277BC1B-9C6C-4E7E-98A8-136F8C01B692}.Release|x64.Build.0 = Release|x64
		{F277BC1B-9C6C-4E7E-98A8-136F8C01B692}.Release|x86.ActiveCfg = Release|Win32
		{F277BC1B-9C6C-4E7E-98A8-136F8C01B692}.Release|x86.Build.0 = Release|Win32
		{FEBCDE77-86BE-4366-8216-F38DC5418F94}.Debug|x64.ActiveCfg = Debug|x64
		{FEBCDE77-86BE-4366-8216-F38DC5418F94}.Debug|x64.Build.0 = Debug|x64
		{FEBCDE77-86BE-4366-8216-F38DC5418F94}.Debug|x86.ActiveCfg = Debug|Win32
		{FEBCDE77-86BE-4366-8216-F38DC5418F94}.Debug|x86.Build.0 = Debug|Win32
		{FEBCDE77-86BE-4366-8216-F38DC5418F94}.Release|x64.ActiveCfg = Release|x64
		{FEBCDE77-86BE-4366-8216-F38DC5418F94}.Release|x64.Build.0 = Release|x64
		{FEBCDE77-86BE-4366-8216-F38DC5418F94}.Release|x86.ActiveCfg = Release|Win32
		{FEBCDE77-86BE-4366-8216-F38DC5418F94}.Release|x86.Build.0 = Release|Win32
		{66CACE29-645E-4C2F-A4D2-9235AB7DF6C3}.Debug|x64.ActiveCfg = Debug|x64
		{66CACE29-645E-4C2F-A4D2-9235AB7DF6C3}.Debug|x64.Build.0 = Debug|x64
		{66CACE29-645E-4C2F-A4D2-9235AB7DF6C3}.Debug|x86.ActiveCfg = Debug|Win32
		{66CACE29-645E-4C2F-A4D2-9235AB7DF6C3}.Debug|x86.Build.0 = Debug|Win32
		{66CACE29-645E-4C2F-A4D2-9235AB7DF6C3}.Release|x64.ActiveCfg = Release|x64
		{66CACE29-645E-4C2F-A4D2-9235AB7DF6C3}.Release|x64.Build.0 = Release|x64
		{66CACE29-645E-4C2F-A4D2-9235AB7DF6C3}.Release|x86.ActiveCfg = Release|Win32
		{66CACE29-645E-4C2F-A4D2-9235AB7DF6C3}.Release|x86.Build.0 = Release|Win32
		{A64F48E7-2AB4-4340-9433-FE60F21DD7CD}.Debug|x64.ActiveCfg = Debug|x64
		{A64F48E7-2AB4-4340-9433-FE60F21DD7CD}.Debug|x64.Build.0 = Debug|x64
		{A64F48E7-2AB4-4340-9433-FE60F21DD7CD}.Debug|x86.ActiveCfg = Debug|Win32
		{A64F48E7-2AB4-4340-9433-FE60F21DD7CD}.Debug|x86.Build.0 = Debug|Win32
		{A64F48E7-2AB4-4340-9433-FE60F21DD7CD}.Release|x64.ActiveCfg = Release|x64
		{A64F48E7-2AB4-4340-9433-FE60F21DD7CD}.Release|x64.Build.0 = Release|x64
		{A64F48E7-2AB4-4340-9433-FE60F21DD7CD}.Release|x86.ActiveCfg = Release|Win32
		{A64F48E7-2AB4-4340-9433-FE60F21DD7CD}.Release|x86.Build.0 = Release|Win32
		{E2C97C3C-6FCB-41B2-8CD0-EFF89046F244}.Debug|x64.ActiveCfg = Debug|x64
		{E2C97C3C-6FCB-41B2-8CD0-EFF89046F244}.Debug|x64.Build.0 = Debug|x64
		{E2C97C3C-6FCB-41B2-8CD0-EFF89046F244}.Debug|x86.ActiveCfg = Debug|Win32
		{E2C97C3C-6FCB-41B2-8CD0-EFF89046F244}.Debug|x86.Build.0 = Debug|Win32
		{E2C97C3C-6FCB-41B2-8CD0-EFF89046F244}.Release|x64.ActiveCfg = Release|x64
		{E2C97C3C-6FCB-41B2-8CD0-EFF89046F244}.Release|x64.Build.0 = Release|x64
		{E2C97C3C-6FCB-41B2-8CD0-EFF89046F244}.Release|x86.ActiveCfg = Release|Win32
		{E2C97C3C-6FCB-41B2-8CD0-EFF89046F244}.Release|x86.Build.0 = Release|Win32
		{64E4A72E-EE04-4638-B2B4-75BC360CAC3F}.Debug|x64.ActiveCfg = Debug|x64
		{64E4A72E-EE04-4638-B2B4-75BC360CAC3F}.Debug|x64.Build.0 = Debug|x64
		{64E4A72E-EE04-4638-B2B4-75BC360CAC3F}.Debug|x86.ActiveCfg = Debug|Win32
		{64E4A72E-EE04-4638-B2B4-75BC360CAC3F}.Debug|x86.Build.0 = Debug|Win32
		{64E4A72E-EE04-4638-B2B4-75BC360CAC3F}.Release|x64.ActiveCfg = Release|x64
		{64E4A72E-EE04-4638-B2B4-75BC360CAC3F}.Release|x64.Build.0 = Release|x64
		{64E4A72E-EE04-4638-B2B4-75BC360CAC3F}.Release|x86.ActiveCfg = Release|Win32
		{64E4A72E-EE04-4638-B2B4-75BC360CAC3F}.Release|x86.Build.0 = Release|Win32
		{1A50B56C-B18A-4C8C-9C9A-25A25D7032AE}.Debug|x64.ActiveCfg = Debug|x64
		{1A50B56C-B18A-4C8C-9C9A-25A25D7032AE}.Debug|x64.Build.0 = Debug|x64
		{1A50B56C-B18A-4C8C-9C9A-25A25D7032AE}.Debug|x86.ActiveCfg = Debug|Win32
		{1A50B56C-B18A-4C8C-9C9A-25A25D7032AE}.Debug|x86.Build.0 = Debug|Win32
		{1A50B56C-B18A-4C8C-9C9A-25A25D7032AE}.Release|x64.ActiveCfg = Release|x64
		{1A50B56C-B18A-4C8C-9C9A-25A25D7032AE}.Release|x64.Build.0 = Release|x64
		{1A50B56C-B18A-4C8C-9C9A-25A25D7032AE}.Release|x86.ActiveCfg = Release|Win32
		{1A50B56C-B18A-4C8C-9C9A-25A25D7032AE}.Release|x86.Build.0 = Release|Win32
		{E5AA892A-3FA9-4C9E-A9F0-3C0CD4D72246}.Debug|x64.ActiveCfg = Debug|x64
		{E5AA892A-3FA9-4C9E-A9F0-3C0CD4D72246}.Debug|x64.Build.0 = Debug|x64
		{E5AA892A-3FA9-4C9E-A9F0-3C0CD4D72246}.Debug|x86.ActiveCfg = Debug|Win32
		{E5AA892A-3FA9-4C9E-A9F0-3C0CD4D72246}.Debug|x86.Build.0 = Debug|Win32
		{E5AA892A-3FA9-4C9E-A9F0-3C0CD4D72246}.Release|x64.ActiveCfg = Release|x64
		{E5AA892A-3FA9-4C9E-A9F0-3C0CD4D72246}.Release|x64.Build.0 = Release|x64
		{E5AA892A-3FA9-4C9E-A9F0-3C0CD4D72246}.Release|x86.ActiveCfg = Release|Win32
		{E5AA892A-3FA9-4C9E-A9F0-3C0CD4D72246}.Release|x86.Build.0 = Release|Win32
		{7B3B9BB1-5F46-4361-9045-7A8FBA4DE06F}.Debug|x64.ActiveCfg = Debug|x64
		{7B3B9BB1-5F46-4361-9045-7A8FBA4DE06F}.Debug|x64.Build.0 = Debug|x64
		{7B3B9BB1-5F46-4361-9045-7A8FBA4DE06F}.Debug|x86.ActiveCfg = Debug|Win32
		{7B3B9BB1-5F46-4361-9045-7A8FBA4DE06F}.Debug|x86.Build.0 = Debug|Win32
		{7B3B9BB1-5F46-4361-9045-7A8FBA4DE06F}.Release|x64.ActiveCfg = Release|x64
		{7B3B9BB1-5F46-4361-9045-7A8FBA4DE06F}.Release|x64.Build.0 = Release|x64
		{7B3B9BB1-5F46-4361-9045-7A8FBA4DE06F}.Release|x86.ActiveCfg = Release|Win32
		{7B3B9BB1-5F46-4361-9045-7A8FBA4DE06F}.Release|x86.Build.0 = Release|Win32
	EndGlobalSection
	GlobalSection(SolutionProperties) = preSolution
		HideSolutionNode = FALSE
	EndGlobalSection
EndGlobal
